
Microsoft Visual Studio Solution File, Format Version 12.00
# Visual Studio Version 16
VisualStudioVersion = 16.0.32106.194
MinimumVisualStudioVersion = 10.0.40219.1
Project("{9A19103F-16F7-4668-BE54-9A1E7A4F7556}") = "CalculatorService.Server", "src\CalculatorService.Server\CalculatorService.Server.csproj", "{0A810AD9-29E1-46EA-8CEB-E3CF828B8AFA}"
EndProject
Project("{9A19103F-16F7-4668-BE54-9A1E7A4F7556}") = "CalculatorService.Client", "src\CalculatorService.Client\CalculatorService.Client.csproj", "{3B3435F1-8754-4077-9895-309F33BAC7A5}"
EndProject
Project("{9A19103F-16F7-4668-BE54-9A1E7A4F7556}") = "CalculatorService.Server.Tests", "test\CalculatorService.Server.Tests\CalculatorService.Server.Tests.csproj", "{4FB75762-516F-43AE-8231-3660BBC4F091}"
EndProject
Project("{9A19103F-16F7-4668-BE54-9A1E7A4F7556}") = "CalculatorService.Domain", "src\CalculatorService.Domain\CalculatorService.Domain.csproj", "{9D518379-DFB7-445A-9452-190CF8084BFB}"
EndProject
Project("{2150E333-8FDC-42A3-9474-1A3956D46DE8}") = "Solution Items", "Solution Items", "{808117A6-20DA-40CC-A20E-0801BB36FFD1}"
	ProjectSection(SolutionItems) = preProject
		.dockerignore = .dockerignore
		.gitattributes = .gitattributes
		.gitignore = .gitignore
		README.md = README.md
	EndProjectSection
EndProject
Global
	GlobalSection(SolutionConfigurationPlatforms) = preSolution
		Debug|Any CPU = Debug|Any CPU
		Release|Any CPU = Release|Any CPU
	EndGlobalSection
	GlobalSection(ProjectConfigurationPlatforms) = postSolution
		{0A810AD9-29E1-46EA-8CEB-E3CF828B8AFA}.Debug|Any CPU.ActiveCfg = Debug|Any CPU
		{0A810AD9-29E1-46EA-8CEB-E3CF828B8AFA}.Debug|Any CPU.Build.0 = Debug|Any CPU
		{0A810AD9-29E1-46EA-8CEB-E3CF828B8AFA}.Release|Any CPU.ActiveCfg = Release|Any CPU
		{0A810AD9-29E1-46EA-8CEB-E3CF828B8AFA}.Release|Any CPU.Build.0 = Release|Any CPU
		{3B3435F1-8754-4077-9895-309F33BAC7A5}.Debug|Any CPU.ActiveCfg = Debug|Any CPU
		{3B3435F1-8754-4077-9895-309F33BAC7A5}.Debug|Any CPU.Build.0 = Debug|Any CPU
		{3B3435F1-8754-4077-9895-309F33BAC7A5}.Release|Any CPU.ActiveCfg = Release|Any CPU
		{3B3435F1-8754-4077-9895-309F33BAC7A5}.Release|Any CPU.Build.0 = Release|Any CPU
		{4FB75762-516F-43AE-8231-3660BBC4F091}.Debug|Any CPU.ActiveCfg = Debug|Any CPU
		{4FB75762-516F-43AE-8231-3660BBC4F091}.Debug|Any CPU.Build.0 = Debug|Any CPU
		{4FB75762-516F-43AE-8231-3660BBC4F091}.Release|Any CPU.ActiveCfg = Release|Any CPU
		{4FB75762-516F-43AE-8231-3660BBC4F091}.Release|Any CPU.Build.0 = Release|Any CPU
		{9D518379-DFB7-445A-9452-190CF8084BFB}.Debug|Any CPU.ActiveCfg = Debug|Any CPU
		{9D518379-DFB7-445A-9452-190CF8084BFB}.Debug|Any CPU.Build.0 = Debug|Any CPU
		{9D518379-DFB7-445A-9452-190CF8084BFB}.Release|Any CPU.ActiveCfg = Release|Any CPU
		{9D518379-DFB7-445A-9452-190CF8084BFB}.Release|Any CPU.Build.0 = Release|Any CPU
	EndGlobalSection
	GlobalSection(SolutionProperties) = preSolution
		HideSolutionNode = FALSE
	EndGlobalSection
	GlobalSection(ExtensibilityGlobals) = postSolution
		SolutionGuid = {6D2F8CF8-965A-4160-A341-50E440E5036A}
	EndGlobalSection
EndGlobal
